{
  "requires": true,
  "lockfileVersion": 1,
  "dependencies": {
    "ts-promise": {
      "version": "2.2.0",
      "resolved": "https://registry.npmjs.org/ts-promise/-/ts-promise-2.2.0.tgz",
      "integrity": "sha512-zd4uLOBGg6DPqhX8DL1LW2R9AmwCeeCC2OPfUkStUfBxCsuRE1xtcf0eTPfxpEQpl2el9UzsnXoWBnY4V7rRuA=="
    }
  }
}
